PODS:
  - Capacitor (7.0.0):
    - CapacitorCordova
  - CapacitorCamera (7.0.0):
    - Capacitor
  - CapacitorCordova (7.0.0)
  - CapacitorFilesystem (7.0.0):
    - Capacitor
  - CapacitorSplashScreen (7.0.0):
    - Capacitor

DEPENDENCIES:
  - "Capacitor (from `../../../../node_modules/.pnpm/@capacitor+ios@7.0.0_@capacitor+core@7.0.0/node_modules/@capacitor/ios`)"
  - "CapacitorCamera (from `../../../../node_modules/.pnpm/@capacitor+camera@7.0.0_@capacitor+core@7.0.0/node_modules/@capacitor/camera`)"
  - "CapacitorCordova (from `../../../../node_modules/.pnpm/@capacitor+ios@7.0.0_@capacitor+core@7.0.0/node_modules/@capacitor/ios`)"
  - "CapacitorFilesystem (from `../../../../node_modules/.pnpm/@capacitor+filesystem@file+packages+capacitor-plugin_@capacitor+core@7.0.0/node_modules/@capacitor/filesystem`)"
  - "CapacitorSplashScreen (from `../../../../node_modules/.pnpm/@capacitor+splash-screen@7.0.0_@capacitor+core@7.0.0/node_modules/@capacitor/splash-screen`)"

EXTERNAL SOURCES:
  Capacitor:
    :path: "../../../../node_modules/.pnpm/@capacitor+ios@7.0.0_@capacitor+core@7.0.0/node_modules/@capacitor/ios"
  CapacitorCamera:
    :path: "../../../../node_modules/.pnpm/@capacitor+camera@7.0.0_@capacitor+core@7.0.0/node_modules/@capacitor/camera"
  CapacitorCordova:
    :path: "../../../../node_modules/.pnpm/@capacitor+ios@7.0.0_@capacitor+core@7.0.0/node_modules/@capacitor/ios"
  CapacitorFilesystem:
    :path: "../../../../node_modules/.pnpm/@capacitor+filesystem@file+packages+capacitor-plugin_@capacitor+core@7.0.0/node_modules/@capacitor/filesystem"
  CapacitorSplashScreen:
    :path: "../../../../node_modules/.pnpm/@capacitor+splash-screen@7.0.0_@capacitor+core@7.0.0/node_modules/@capacitor/splash-screen"

SPEC CHECKSUMS:
  Capacitor: fcbee427ff437f414bbb3bc2d39364ad9bd2b8a5
  CapacitorCamera: 777ddf61d727754fcda0b92303ae09ea3765d7b7
  CapacitorCordova: 345f93b7edd121db98e4ec20ac94d6d7bcaf7e48
  CapacitorFilesystem: 7206a7bee61ee7bc639d4edce5f0c4b566323f65
  CapacitorSplashScreen: f4e58cc02aafd91c7cbaf32a3d1b44d02a115125

PODFILE CHECKSUM: 58b71bb0055d5100b6c33bcfa80355d4442f38c6

COCOAPODS: 1.16.2
