PODS:
  - Capacitor (7.0.0):
    - CapacitorCordova
  - CapacitorCamera (7.0.0):
    - Capacitor
  - CapacitorCordova (7.0.0)
  - CapacitorFilesystem (7.1.8):
    - Capacitor
    - IONFilesystemLib (~> 1.1.4)
  - CapacitorSplashScreen (7.0.0):
    - Capacitor
  - IONFilesystemLib (1.1.4)

DEPENDENCIES:
  - "Capacitor (from `../../../../node_modules/.pnpm/@capacitor+ios@7.0.0_@capacitor+core@7.0.0/node_modules/@capacitor/ios`)"
  - "CapacitorCamera (from `../../../../node_modules/.pnpm/@capacitor+camera@7.0.0_@capacitor+core@7.0.0/node_modules/@capacitor/camera`)"
  - "CapacitorCordova (from `../../../../node_modules/.pnpm/@capacitor+ios@7.0.0_@capacitor+core@7.0.0/node_modules/@capacitor/ios`)"
  - "CapacitorFilesystem (from `../../../../node_modules/.pnpm/@capacitor+filesystem@file+packages+capacitor-plugin_@capacitor+core@7.0.0/node_modules/@capacitor/filesystem`)"
  - "CapacitorSplashScreen (from `../../../../node_modules/.pnpm/@capacitor+splash-screen@7.0.0_@capacitor+core@7.0.0/node_modules/@capacitor/splash-screen`)"

SPEC REPOS:
  trunk:
    - IONFilesystemLib

EXTERNAL SOURCES:
  Capacitor:
    :path: "../../../../node_modules/.pnpm/@capacitor+ios@7.0.0_@capacitor+core@7.0.0/node_modules/@capacitor/ios"
  CapacitorCamera:
    :path: "../../../../node_modules/.pnpm/@capacitor+camera@7.0.0_@capacitor+core@7.0.0/node_modules/@capacitor/camera"
  CapacitorCordova:
    :path: "../../../../node_modules/.pnpm/@capacitor+ios@7.0.0_@capacitor+core@7.0.0/node_modules/@capacitor/ios"
  CapacitorFilesystem:
    :path: "../../../../node_modules/.pnpm/@capacitor+filesystem@file+packages+capacitor-plugin_@capacitor+core@7.0.0/node_modules/@capacitor/filesystem"
  CapacitorSplashScreen:
    :path: "../../../../node_modules/.pnpm/@capacitor+splash-screen@7.0.0_@capacitor+core@7.0.0/node_modules/@capacitor/splash-screen"

SPEC CHECKSUMS:
  Capacitor: 82d1f3b4480d66b5996814f74500dcbc0908558c
  CapacitorCamera: 20a37684b81c69c0c33fb5a7216919f135371a6f
  CapacitorCordova: 345f93b7edd121db98e4ec20ac94d6d7bcaf7e48
  CapacitorFilesystem: 4f0f500f8247e6bdea5e71353308a8cb738b4eae
  CapacitorSplashScreen: 7e7a0a1113833032f196b3af6fa437baccacf5bc
  IONFilesystemLib: e6610c2b260d15e4b9cb9d5e37a87095479b669e

PODFILE CHECKSUM: 57ff2f3f788c053bccb9ff1b6e7abe4817322e3f

COCOAPODS: 1.16.2
